
Microsoft Visual Studio Solution File, Format Version 12.00
# Visual Studio Version 16
VisualStudioVersion = 16.0.30907.101
MinimumVisualStudioVersion = 10.0.40219.1
Project("{9A19103F-16F7-4668-BE54-9A1E7A4F7556}") = "AvaloniaRenderImage", "AvaloniaRenderImage\AvaloniaRenderImage.csproj", "{9A2C7DB6-D28E-4360-AEEE-6FD1077AEDD7}"
EndProject
Project("{9A19103F-16F7-4668-BE54-9A1E7A4F7556}") = "Component", "Component\Component.csproj", "{C6EC7413-848D-4033-BF1C-B9F2A9756160}"
EndProject
Project("{9A19103F-16F7-4668-BE54-9A1E7A4F7556}") = "Common", "Common\Common.csproj", "{7FD486C4-C039-435B-B119-C344B2CD09CA}"
EndProject
Global
	GlobalSection(SolutionConfigurationPlatforms) = preSolution
		Debug|x64 = Debug|x64
		Release|x64 = Release|x64
	EndGlobalSection
	GlobalSection(ProjectConfigurationPlatforms) = postSolution
		{9A2C7DB6-D28E-4360-AEEE-6FD1077AEDD7}.Debug|x64.ActiveCfg = Debug|x64
		{9A2C7DB6-D28E-4360-AEEE-6FD1077AEDD7}.Debug|x64.Build.0 = Debug|x64
		{9A2C7DB6-D28E-4360-AEEE-6FD1077AEDD7}.Release|x64.ActiveCfg = Release|x64
		{C6EC7413-848D-4033-BF1C-B9F2A9756160}.Debug|x64.ActiveCfg = Debug|x64
		{C6EC7413-848D-4033-BF1C-B9F2A9756160}.Debug|x64.Build.0 = Debug|x64
		{C6EC7413-848D-4033-BF1C-B9F2A9756160}.Release|x64.ActiveCfg = Release|x64
		{C6EC7413-848D-4033-BF1C-B9F2A9756160}.Release|x64.Build.0 = Release|x64
		{7FD486C4-C039-435B-B119-C344B2CD09CA}.Debug|x64.ActiveCfg = Debug|x64
		{7FD486C4-C039-435B-B119-C344B2CD09CA}.Debug|x64.Build.0 = Debug|x64
		{7FD486C4-C039-435B-B119-C344B2CD09CA}.Release|x64.ActiveCfg = Release|x64
		{7FD486C4-C039-435B-B119-C344B2CD09CA}.Release|x64.Build.0 = Release|x64
	EndGlobalSection
	GlobalSection(SolutionProperties) = preSolution
		HideSolutionNode = FALSE
	EndGlobalSection
	GlobalSection(ExtensibilityGlobals) = postSolution
		SolutionGuid = {4F80DBC5-D91E-4DD1-8F3B-E3EE2466CAC7}
	EndGlobalSection
EndGlobal
